
Microsoft Visual Studio Solution File, Format Version 12.00
# Visual Studio 15
VisualStudioVersion = 15.0.26403.3
MinimumVisualStudioVersion = 10.0.40219.1
Project("{FAE04EC0-301F-11D3-BF4B-00C04F79EFBC}") = "LocalDeployProjectUpdater", "LocalDeployProjectUpdater\LocalDeployProjectUpdater.csproj", "{4A6A9519-9713-4555-8DA7-96F80A9D6A6C}"
EndProject
Project("{FAE04EC0-301F-11D3-BF4B-00C04F79EFBC}") = "LocalDeployProjectUpdaterUtility", "LocalDeployProjectUpdaterUtility\LocalDeployProjectUpdaterUtility.csproj", "{4E2E05E7-53A5-40CE-BB78-0908DB6E607F}"
EndProject
Project("{FAE04EC0-301F-11D3-BF4B-00C04F79EFBC}") = "LocalDeployProjectUpdaterUtility.Tests", "LocalDeployProjectUpdaterUtility.Tests\LocalDeployProjectUpdaterUtility.Tests.csproj", "{943EF947-6490-489F-9C95-D379E03FF2E0}"
EndProject
Project("{FAE04EC0-301F-11D3-BF4B-00C04F79EFBC}") = "LocalDeployProjectUpdater.Experiments", "LocalDeployProjectUpdater.Experiments\LocalDeployProjectUpdater.Experiments.csproj", "{51AE01D4-824C-40FF-92DD-2979B6F1F725}"
EndProject
Global
	GlobalSection(SolutionConfigurationPlatforms) = preSolution
		Debug|Any CPU = Debug|Any CPU
		Release|Any CPU = Release|Any CPU
	EndGlobalSection
	GlobalSection(ProjectConfigurationPlatforms) = postSolution
		{4A6A9519-9713-4555-8DA7-96F80A9D6A6C}.Debug|Any CPU.ActiveCfg = Debug|Any CPU
		{4A6A9519-9713-4555-8DA7-96F80A9D6A6C}.Debug|Any CPU.Build.0 = Debug|Any CPU
		{4A6A9519-9713-4555-8DA7-96F80A9D6A6C}.Release|Any CPU.ActiveCfg = Release|Any CPU
		{4A6A9519-9713-4555-8DA7-96F80A9D6A6C}.Release|Any CPU.Build.0 = Release|Any CPU
		{4E2E05E7-53A5-40CE-BB78-0908DB6E607F}.Debug|Any CPU.ActiveCfg = Debug|Any CPU
		{4E2E05E7-53A5-40CE-BB78-0908DB6E607F}.Debug|Any CPU.Build.0 = Debug|Any CPU
		{4E2E05E7-53A5-40CE-BB78-0908DB6E607F}.Release|Any CPU.ActiveCfg = Release|Any CPU
		{4E2E05E7-53A5-40CE-BB78-0908DB6E607F}.Release|Any CPU.Build.0 = Release|Any CPU
		{943EF947-6490-489F-9C95-D379E03FF2E0}.Debug|Any CPU.ActiveCfg = Debug|Any CPU
		{943EF947-6490-489F-9C95-D379E03FF2E0}.Debug|Any CPU.Build.0 = Debug|Any CPU
		{943EF947-6490-489F-9C95-D379E03FF2E0}.Release|Any CPU.ActiveCfg = Release|Any CPU
		{943EF947-6490-489F-9C95-D379E03FF2E0}.Release|Any CPU.Build.0 = Release|Any CPU
		{51AE01D4-824C-40FF-92DD-2979B6F1F725}.Debug|Any CPU.ActiveCfg = Debug|Any CPU
		{51AE01D4-824C-40FF-92DD-2979B6F1F725}.Debug|Any CPU.Build.0 = Debug|Any CPU
		{51AE01D4-824C-40FF-92DD-2979B6F1F725}.Release|Any CPU.ActiveCfg = Release|Any CPU
		{51AE01D4-824C-40FF-92DD-2979B6F1F725}.Release|Any CPU.Build.0 = Release|Any CPU
	EndGlobalSection
	GlobalSection(SolutionProperties) = preSolution
		HideSolutionNode = FALSE
	EndGlobalSection
EndGlobal
